
Microsoft Visual Studio Solution File, Format Version 12.00
# Visual Studio 15
VisualStudioVersion = 15.0.28307.960
MinimumVisualStudioVersion = 10.0.40219.1
Project("{FAE04EC0-301F-11D3-BF4B-00C04F79EFBC}") = "unit16 clalculator p2", "unit16 clalculator p2\unit16 clalculator p2.csproj", "{5B29D3B3-DAB5-4325-9C41-E626EE00165C}"
EndProject
Global
	GlobalSection(SolutionConfigurationPlatforms) = preSolution
		Debug|Any CPU = Debug|Any CPU
		Release|Any CPU = Release|Any CPU
	EndGlobalSection
	GlobalSection(ProjectConfigurationPlatforms) = postSolution
		{5B29D3B3-DAB5-4325-9C41-E626EE00165C}.Debug|Any CPU.ActiveCfg = Debug|Any CPU
		{5B29D3B3-DAB5-4325-9C41-E626EE00165C}.Debug|Any CPU.Build.0 = Debug|Any CPU
		{5B29D3B3-DAB5-4325-9C41-E626EE00165C}.Release|Any CPU.ActiveCfg = Release|Any CPU
		{5B29D3B3-DAB5-4325-9C41-E626EE00165C}.Release|Any CPU.Build.0 = Release|Any CPU
	EndGlobalSection
	GlobalSection(SolutionProperties) = preSolution
		HideSolutionNode = FALSE
	EndGlobalSection
	GlobalSection(ExtensibilityGlobals) = postSolution
		SolutionGuid = {97FE1D76-B71F-48AC-A292-C392AB09FC77}
	EndGlobalSection
EndGlobal
